// !$*UTF8*$!
{
	archiveVersion = 1;
	classes = {
	};
	objectVersion = 46;
	objects = {

/* Begin PBXBuildFile section */
		35563B101B26DAF5008AE6F1 /* main.m in Sources */ = {isa = PBXBuildFile; fileRef = 35563B0F1B26DAF5008AE6F1 /* main.m */; };
		35563B131B26DAF5008AE6F1 /* AppDelegate.m in Sources */ = {isa = PBXBuildFile; fileRef = 35563B121B26DAF5008AE6F1 /* AppDelegate.m */; };
		35563B161B26DAF5008AE6F1 /* ViewController.m in Sources */ = {isa = PBXBuildFile; fileRef = 35563B151B26DAF5008AE6F1 /* ViewController.m */; };
		35563B191B26DAF5008AE6F1 /* Main.storyboard in Resources */ = {isa = PBXBuildFile; fileRef = 35563B171B26DAF5008AE6F1 /* Main.storyboard */; };
		35563B1B1B26DAF5008AE6F1 /* Images.xcassets in Resources */ = {isa = PBXBuildFile; fileRef = 35563B1A1B26DAF5008AE6F1 /* Images.xcassets */; };
		35563B1E1B26DAF5008AE6F1 /* LaunchScreen.xib in Resources */ = {isa = PBXBuildFile; fileRef = 35563B1C1B26DAF5008AE6F1 /* LaunchScreen.xib */; };
		35563B2A1B26DAF5008AE6F1 /* delegateSampleTests.m in Sources */ = {isa = PBXBuildFile; fileRef = 35563B291B26DAF5008AE6F1 /* delegateSampleTests.m */; };
/* End PBXBuildFile section */

/* Begin PBXContainerItemProxy section */
		35563B241B26DAF5008AE6F1 /* PBXContainerItemProxy */ = {
			isa = PBXContainerItemProxy;
			containerPortal = 35563B021B26DAF5008AE6F1 /* Project object */;
			proxyType = 1;
			remoteGlobalIDString = 35563B091B26DAF5008AE6F1;
			remoteInfo = delegateSample;
		};
/* End PBXContainerItemProxy section */

/* Begin PBXFileReference section */
		35563B0A1B26DAF5008AE6F1 /* delegateSample.app */ = {isa = PBXFileReference; explicitFileType = wrapper.application; includeInIndex = 0; path = delegateSample.app; sourceTree = BUILT_PRODUCTS_DIR; };
		35563B0E1B26DAF5008AE6F1 /* Info.plist */ = {isa = PBXFileReference; lastKnownFileType = text.plist.xml; path = Info.plist; sourceTree = "<group>"; };
		35563B0F1B26DAF5008AE6F1 /* main.m */ = {isa = PBXFileReference; lastKnownFileType = sourcecode.c.objc; path = main.m; sourceTree = "<group>"; };
		35563B111B26DAF5008AE6F1 /* AppDelegate.h */ = {isa = PBXFileReference; lastKnownFileType = sourcecode.c.h; path = AppDelegate.h; sourceTree = "<group>"; };
		35563B121B26DAF5008AE6F1 /* AppDelegate.m */ = {isa = PBXFileReference; lastKnownFileType = sourcecode.c.objc; path = AppDelegate.m; sourceTree = "<group>"; };
		35563B141B26DAF5008AE6F1 /* ViewController.h */ = {isa = PBXFileReference; lastKnownFileType = sourcecode.c.h; path = ViewController.h; sourceTree = "<group>"; };
		35563B151B26DAF5008AE6F1 /* ViewController.m */ = {isa = PBXFileReference; lastKnownFileType = sourcecode.c.objc; path = ViewController.m; sourceTree = "<group>"; };
		35563B181B26DAF5008AE6F1 /* Base */ = {isa = PBXFileReference; lastKnownFileType = file.storyboard; name = Base; path = Base.lproj/Main.storyboard; sourceTree = "<group>"; };
		35563B1A1B26DAF5008AE6F1 /* Images.xcassets */ = {isa = PBXFileReference; lastKnownFileType = folder.assetcatalog; path = Images.xcassets; sourceTree = "<group>"; };
		35563B1D1B26DAF5008AE6F1 /* Base */ = {isa = PBXFileReference; lastKnownFileType = file.xib; name = Base; path = Base.lproj/LaunchScreen.xib; sourceTree = "<group>"; };
		35563B231B26DAF5008AE6F1 /* delegateSampleTests.xctest */ = {isa = PBXFileReference; explicitFileType = wrapper.cfbundle; includeInIndex = 0; path = delegateSampleTests.xctest; sourceTree = BUILT_PRODUCTS_DIR; };
		35563B281B26DAF5008AE6F1 /* Info.plist */ = {isa = PBXFileReference; lastKnownFileType = text.plist.xml; path = Info.plist; sourceTree = "<group>"; };
		35563B291B26DAF5008AE6F1 /* delegateSampleTests.m */ = {isa = PBXFileReference; lastKnownFileType = sourcecode.c.objc; path = delegateSampleTests.m; sourceTree = "<group>"; };
/* End PBXFileReference section */

/* Begin PBXFrameworksBuildPhase section */
		35563B071B26DAF5008AE6F1 /* Frameworks */ = {
			isa = PBXFrameworksBuildPhase;
			buildActionMask = 2147483647;
			files = (
			);
			runOnlyForDeploymentPostprocessing = 0;
		};
		35563B201B26DAF5008AE6F1 /* Frameworks */ = {
			isa = PBXFrameworksBuildPhase;
			buildActionMask = 2147483647;
			files = (
			);
			runOnlyForDeploymentPostprocessing = 0;
		};
/* End PBXFrameworksBuildPhase section */

/* Begin PBXGroup section */
		35563B011B26DAF5008AE6F1 = {
			isa = PBXGroup;
			children = (
				35563B0C1B26DAF5008AE6F1 /* delegateSample */,
				35563B261B26DAF5008AE6F1 /* delegateSampleTests */,
				35563B0B1B26DAF5008AE6F1 /* Products */,
			);
			sourceTree = "<group>";
		};
		35563B0B1B26DAF5008AE6F1 /* Products */ = {
			isa = PBXGroup;
			children = (
				35563B0A1B26DAF5008AE6F1 /* delegateSample.app */,
				35563B231B26DAF5008AE6F1 /* delegateSampleTests.xctest */,
			);
			name = Products;
			sourceTree = "<group>";
		};
		35563B0C1B26DAF5008AE6F1 /* delegateSample */ = {
			isa = PBXGroup;
			children = (
				35563B111B26DAF5008AE6F1 /* AppDelegate.h */,
				35563B121B26DAF5008AE6F1 /* AppDelegate.m */,
				35563B141B26DAF5008AE6F1 /* ViewController.h */,
				35563B151B26DAF5008AE6F1 /* ViewController.m */,
				35563B171B26DAF5008AE6F1 /* Main.storyboard */,
				35563B1A1B26DAF5008AE6F1 /* Images.xcassets */,
				35563B1C1B26DAF5008AE6F1 /* LaunchScreen.xib */,
				35563B0D1B26DAF5008AE6F1 /* Supporting Files */,
			);
			path = delegateSample;
			sourceTree = "<group>";
		};
		35563B0D1B26DAF5008AE6F1 /* Supporting Files */ = {
			isa = PBXGroup;
			children = (
				35563B0E1B26DAF5008AE6F1 /* Info.plist */,
				35563B0F1B26DAF5008AE6F1 /* main.m */,
			);
			name = "Supporting Files";
			sourceTree = "<group>";
		};
		35563B261B26DAF5008AE6F1 /* delegateSampleTests */ = {
			isa = PBXGroup;
			children = (
				35563B291B26DAF5008AE6F1 /* delegateSampleTests.m */,
				35563B271B26DAF5008AE6F1 /* Supporting Files */,
			);
			path = delegateSampleTests;
			sourceTree = "<group>";
		};
		35563B271B26DAF5008AE6F1 /* Supporting Files */ = {
			isa = PBXGroup;
			children = (
				35563B281B26DAF5008AE6F1 /* Info.plist */,
			);
			name = "Supporting Files";
			sourceTree = "<group>";
		};
/* End PBXGroup section */

/* Begin PBXNativeTarget section */
		35563B091B26DAF5008AE6F1 /* delegateSample */ = {
			isa = PBXNativeTarget;
			buildConfigurationList = 35563B2D1B26DAF5008AE6F1 /* Build configuration list for PBXNativeTarget "delegateSample" */;
			buildPhases = (
				35563B061B26DAF5008AE6F1 /* Sources */,
				35563B071B26DAF5008AE6F1 /* Frameworks */,
				35563B081B26DAF5008AE6F1 /* Resources */,
			);
			buildRules = (
			);
			dependencies = (
			);
			name = delegateSample;
			productName = delegateSample;
			productReference = 35563B0A1B26DAF5008AE6F1 /* delegateSample.app */;
			productType = "com.apple.product-type.application";
		};
		35563B221B26DAF5008AE6F1 /* delegateSampleTests */ = {
			isa = PBXNativeTarget;
			buildConfigurationList = 35563B301B26DAF5008AE6F1 /* Build configuration list for PBXNativeTarget "delegateSampleTests" */;
			buildPhases = (
				35563B1F1B26DAF5008AE6F1 /* Sources */,
				35563B201B26DAF5008AE6F1 /* Frameworks */,
				35563B211B26DAF5008AE6F1 /* Resources */,
			);
			buildRules = (
			);
			dependencies = (
				35563B251B26DAF5008AE6F1 /* PBXTargetDependency */,
			);
			name = delegateSampleTests;
			productName = delegateSampleTests;
			productReference = 35563B231B26DAF5008AE6F1 /* delegateSampleTests.xctest */;
			productType = "com.apple.product-type.bundle.unit-test";
		};
/* End PBXNativeTarget section */

/* Begin PBXProject section */
		35563B021B26DAF5008AE6F1 /* Project object */ = {
			isa = PBXProject;
			attributes = {
				LastUpgradeCheck = 0610;
				ORGANIZATIONNAME = "Rifat Firdaus";
				TargetAttributes = {
					35563B091B26DAF5008AE6F1 = {
						CreatedOnToolsVersion = 6.1.1;
					};
					35563B221B26DAF5008AE6F1 = {
						CreatedOnToolsVersion = 6.1.1;
						TestTargetID = 35563B091B26DAF5008AE6F1;
					};
				};
			};
			buildConfigurationList = 35563B051B26DAF5008AE6F1 /* Build configuration list for PBXProject "delegateSample" */;
			compatibilityVersion = "Xcode 3.2";
			developmentRegion = English;
			hasScannedForEncodings = 0;
			knownRegions = (
				en,
				Base,
			);
			mainGroup = 35563B011B26DAF5008AE6F1;
			productRefGroup = 35563B0B1B26DAF5008AE6F1 /* Products */;
			projectDirPath = "";
			projectRoot = "";
			targets = (
				35563B091B26DAF5008AE6F1 /* delegateSample */,
				35563B221B26DAF5008AE6F1 /* delegateSampleTests */,
			);
		};
/* End PBXProject section */

/* Begin PBXResourcesBuildPhase section */
		35563B081B26DAF5008AE6F1 /* Resources */ = {
			isa = PBXResourcesBuildPhase;
			buildActionMask = 2147483647;
			files = (
				35563B191B26DAF5008AE6F1 /* Main.storyboard in Resources */,
				35563B1E1B26DAF5008AE6F1 /* LaunchScreen.xib in Resources */,
				35563B1B1B26DAF5008AE6F1 /* Images.xcassets in Resources */,
			);
			runOnlyForDeploymentPostprocessing = 0;
		};
		35563B211B26DAF5008AE6F1 /* Resources */ = {
			isa = PBXResourcesBuildPhase;
			buildActionMask = 2147483647;
			files = (
			);
			runOnlyForDeploymentPostprocessing = 0;
		};
/* End PBXResourcesBuildPhase section */

/* Begin PBXSourcesBuildPhase section */
		35563B061B26DAF5008AE6F1 /* Sources */ = {
			isa = PBXSourcesBuildPhase;
			buildActionMask = 2147483647;
			files = (
				35563B161B26DAF5008AE6F1 /* ViewController.m in Sources */,
				35563B131B26DAF5008AE6F1 /* AppDelegate.m in Sources */,
				35563B101B26DAF5008AE6F1 /* main.m in Sources */,
			);
			runOnlyForDeploymentPostprocessing = 0;
		};
		35563B1F1B26DAF5008AE6F1 /* Sources */ = {
			isa = PBXSourcesBuildPhase;
			buildActionMask = 2147483647;
			files = (
				35563B2A1B26DAF5008AE6F1 /* delegateSampleTests.m in Sources */,
			);
			runOnlyForDeploymentPostprocessing = 0;
		};
/* End PBXSourcesBuildPhase section */

/* Begin PBXTargetDependency section */
		35563B251B26DAF5008AE6F1 /* PBXTargetDependency */ = {
			isa = PBXTargetDependency;
			target = 35563B091B26DAF5008AE6F1 /* delegateSample */;
			targetProxy = 35563B241B26DAF5008AE6F1 /* PBXContainerItemProxy */;
		};
/* End PBXTargetDependency section */

/* Begin PBXVariantGroup section */
		35563B171B26DAF5008AE6F1 /* Main.storyboard */ = {
			isa = PBXVariantGroup;
			children = (
				35563B181B26DAF5008AE6F1 /* Base */,
			);
			name = Main.storyboard;
			sourceTree = "<group>";
		};
		35563B1C1B26DAF5008AE6F1 /* LaunchScreen.xib */ = {
			isa = PBXVariantGroup;
			children = (
				35563B1D1B26DAF5008AE6F1 /* Base */,
			);
			name = LaunchScreen.xib;
			sourceTree = "<group>";
		};
/* End PBXVariantGroup section */

/* Begin XCBuildConfiguration section */
		35563B2B1B26DAF5008AE6F1 /* Debug */ = {
			isa = XCBuildConfiguration;
			buildSettings = {
				ALWAYS_SEARCH_USER_PATHS = NO;
				CLANG_CXX_LANGUAGE_STANDARD = "gnu++0x";
				CLANG_CXX_LIBRARY = "libc++";
				CLANG_ENABLE_MODULES = YES;
				CLANG_ENABLE_OBJC_ARC = YES;
				CLANG_WARN_BOOL_CONVERSION = YES;
				CLANG_WARN_CONSTANT_CONVERSION = YES;
				CLANG_WARN_DIRECT_OBJC_ISA_USAGE = YES_ERROR;
				CLANG_WARN_EMPTY_BODY = YES;
				CLANG_WARN_ENUM_CONVERSION = YES;
				CLANG_WARN_INT_CONVERSION = YES;
				CLANG_WARN_OBJC_ROOT_CLASS = YES_ERROR;
				CLANG_WARN_UNREACHABLE_CODE = YES;
				CLANG_WARN__DUPLICATE_METHOD_MATCH = YES;
				"CODE_SIGN_IDENTITY[sdk=iphoneos*]" = "iPhone Developer";
				COPY_PHASE_STRIP = NO;
				ENABLE_STRICT_OBJC_MSGSEND = YES;
				GCC_C_LANGUAGE_STANDARD = gnu99;
				GCC_DYNAMIC_NO_PIC = NO;
				GCC_OPTIMIZATION_LEVEL = 0;
				GCC_PREPROCESSOR_DEFINITIONS = (
					"DEBUG=1",
					"$(inherited)",
				);
				GCC_SYMBOLS_PRIVATE_EXTERN = NO;
				GCC_WARN_64_TO_32_BIT_CONVERSION = YES;
				GCC_WARN_ABOUT_RETURN_TYPE = YES_ERROR;
				GCC_WARN_UNDECLARED_SELECTOR = YES;
				GCC_WARN_UNINITIALIZED_AUTOS = YES_AGGRESSIVE;
				GCC_WARN_UNUSED_FUNCTION = YES;
				GCC_WARN_UNUSED_VARIABLE = YES;
				IPHONEOS_DEPLOYMENT_TARGET = 8.1;
				MTL_ENABLE_DEBUG_INFO = YES;
				ONLY_ACTIVE_ARCH = YES;
				SDKROOT = iphoneos;
				TARGETED_DEVICE_FAMILY = "1,2";
			};
			name = Debug;
		};
		35563B2C1B26DAF5008AE6F1 /* Release */ = {
			isa = XCBuildConfiguration;
			buildSettings = {
				ALWAYS_SEARCH_USER_PATHS = NO;
				CLANG_CXX_LANGUAGE_STANDARD = "gnu++0x";
				CLANG_CXX_LIBRARY = "libc++";
				CLANG_ENABLE_MODULES = YES;
				CLANG_ENABLE_OBJC_ARC = YES;
				CLANG_WARN_BOOL_CONVERSION = YES;
				CLANG_WARN_CONSTANT_CONVERSION = YES;
				CLANG_WARN_DIRECT_OBJC_ISA_USAGE = YES_ERROR;
				CLANG_WARN_EMPTY_BODY = YES;
				CLANG_WARN_ENUM_CONVERSION = YES;
				CLANG_WARN_INT_CONVERSION = YES;
				CLANG_WARN_OBJC_ROOT_CLASS = YES_ERROR;
				CLANG_WARN_UNREACHABLE_CODE = YES;
				CLANG_WARN__DUPLICATE_METHOD_MATCH = YES;
				"CODE_SIGN_IDENTITY[sdk=iphoneos*]" = "iPhone Developer";
				COPY_PHASE_STRIP = YES;
				ENABLE_NS_ASSERTIONS = NO;
				ENABLE_STRICT_OBJC_MSGSEND = YES;
				GCC_C_LANGUAGE_STANDARD = gnu99;
				GCC_WARN_64_TO_32_BIT_CONVERSION = YES;
				GCC_WARN_ABOUT_RETURN_TYPE = YES_ERROR;
				GCC_WARN_UNDECLARED_SELECTOR = YES;
				GCC_WARN_UNINITIALIZED_AUTOS = YES_AGGRESSIVE;
				GCC_WARN_UNUSED_FUNCTION = YES;
				GCC_WARN_UNUSED_VARIABLE = YES;
				IPHONEOS_DEPLOYMENT_TARGET = 8.1;
				MTL_ENABLE_DEBUG_INFO = NO;
				SDKROOT = iphoneos;
				TARGETED_DEVICE_FAMILY = "1,2";
				VALIDATE_PRODUCT = YES;
			};
			name = Release;
		};
		35563B2E1B26DAF5008AE6F1 /* Debug */ = {
			isa = XCBuildConfiguration;
			buildSettings = {
				ASSETCATALOG_COMPILER_APPICON_NAME = AppIcon;
				INFOPLIST_FILE = delegateSample/Info.plist;
				LD_RUNPATH_SEARCH_PATHS = "$(inherited) @executable_path/Frameworks";
				PRODUCT_NAME = "$(TARGET_NAME)";
			};
			name = Debug;
		};
		35563B2F1B26DAF5008AE6F1 /* Release */ = {
			isa = XCBuildConfiguration;
			buildSettings = {
				ASSETCATALOG_COMPILER_APPICON_NAME = AppIcon;
				INFOPLIST_FILE = delegateSample/Info.plist;
				LD_RUNPATH_SEARCH_PATHS = "$(inherited) @executable_path/Frameworks";
				PRODUCT_NAME = "$(TARGET_NAME)";
			};
			name = Release;
		};
		35563B311B26DAF5008AE6F1 /* Debug */ = {
			isa = XCBuildConfiguration;
			buildSettings = {
				BUNDLE_LOADER = "$(TEST_HOST)";
				FRAMEWORK_SEARCH_PATHS = (
					"$(SDKROOT)/Developer/Library/Frameworks",
					"$(inherited)",
				);
				GCC_PREPROCESSOR_DEFINITIONS = (
					"DEBUG=1",
					"$(inherited)",
				);
				INFOPLIST_FILE = delegateSampleTests/Info.plist;
				LD_RUNPATH_SEARCH_PATHS = "$(inherited) @executable_path/Frameworks @loader_path/Frameworks";
				PRODUCT_NAME = "$(TARGET_NAME)";
				TEST_HOST = "$(BUILT_PRODUCTS_DIR)/delegateSample.app/delegateSample";
			};
			name = Debug;
		};
		35563B321B26DAF5008AE6F1 /* Release */ = {
			isa = XCBuildConfiguration;
			buildSettings = {
				BUNDLE_LOADER = "$(TEST_HOST)";
				FRAMEWORK_SEARCH_PATHS = (
					"$(SDKROOT)/Developer/Library/Frameworks",
					"$(inherited)",
				);
				INFOPLIST_FILE = delegateSampleTests/Info.plist;
				LD_RUNPATH_SEARCH_PATHS = "$(inherited) @executable_path/Frameworks @loader_path/Frameworks";
				PRODUCT_NAME = "$(TARGET_NAME)";
				TEST_HOST = "$(BUILT_PRODUCTS_DIR)/delegateSample.app/delegateSample";
			};
			name = Release;
		};
/* End XCBuildConfiguration section */

/* Begin XCConfigurationList section */
		35563B051B26DAF5008AE6F1 /* Build configuration list for PBXProject "delegateSample" */ = {
			isa = XCConfigurationList;
			buildConfigurations = (
				35563B2B1B26DAF5008AE6F1 /* Debug */,
				35563B2C1B26DAF5008AE6F1 /* Release */,
			);
			defaultConfigurationIsVisible = 0;
			defaultConfigurationName = Release;
		};
		35563B2D1B26DAF5008AE6F1 /* Build configuration list for PBXNativeTarget "delegateSample" */ = {
			isa = XCConfigurationList;
			buildConfigurations = (
				35563B2E1B26DAF5008AE6F1 /* Debug */,
				35563B2F1B26DAF5008AE6F1 /* Release */,
			);
			defaultConfigurationIsVisible = 0;
		};
		35563B301B26DAF5008AE6F1 /* Build configuration list for PBXNativeTarget "delegateSampleTests" */ = {
			isa = XCConfigurationList;
			buildConfigurations = (
				35563B311B26DAF5008AE6F1 /* Debug */,
				35563B321B26DAF5008AE6F1 /* Release */,
			);
			defaultConfigurationIsVisible = 0;
		};
/* End XCConfigurationList section */
	};
	rootObject = 35563B021B26DAF5008AE6F1 /* Project object */;
}
